
Microsoft Visual Studio Solution File, Format Version 12.00
# Visual Studio Version 16
VisualStudioVersion = 16.0.31105.61
MinimumVisualStudioVersion = 10.0.40219.1
Project("{FAE04EC0-301F-11D3-BF4B-00C04F79EFBC}") = "PROJECT_CARO_GAME", "PROJECT_CARO_GAME\PROJECT_CARO_GAME.csproj", "{962785C9-27E9-48EB-9AA4-2280405365F0}"
EndProject
Project("{FAE04EC0-301F-11D3-BF4B-00C04F79EFBC}") = "MANAGE_ACCOUNT", "SERVER_CARO_GAME\MANAGE_ACCOUNT.csproj", "{5771E302-4A8A-4813-93FB-407FAE9AB77D}"
EndProject
Global
	GlobalSection(SolutionConfigurationPlatforms) = preSolution
		Debug|Any CPU = Debug|Any CPU
		Release|Any CPU = Release|Any CPU
	EndGlobalSection
	GlobalSection(ProjectConfigurationPlatforms) = postSolution
		{962785C9-27E9-48EB-9AA4-2280405365F0}.Debug|Any CPU.ActiveCfg = Debug|Any CPU
		{962785C9-27E9-48EB-9AA4-2280405365F0}.Debug|Any CPU.Build.0 = Debug|Any CPU
		{962785C9-27E9-48EB-9AA4-2280405365F0}.Release|Any CPU.ActiveCfg = Release|Any CPU
		{962785C9-27E9-48EB-9AA4-2280405365F0}.Release|Any CPU.Build.0 = Release|Any CPU
		{5771E302-4A8A-4813-93FB-407FAE9AB77D}.Debug|Any CPU.ActiveCfg = Debug|Any CPU
		{5771E302-4A8A-4813-93FB-407FAE9AB77D}.Debug|Any CPU.Build.0 = Debug|Any CPU
		{5771E302-4A8A-4813-93FB-407FAE9AB77D}.Release|Any CPU.ActiveCfg = Release|Any CPU
		{5771E302-4A8A-4813-93FB-407FAE9AB77D}.Release|Any CPU.Build.0 = Release|Any CPU
	EndGlobalSection
	GlobalSection(SolutionProperties) = preSolution
		HideSolutionNode = FALSE
	EndGlobalSection
	GlobalSection(ExtensibilityGlobals) = postSolution
		SolutionGuid = {1F7BD4C3-CBB5-47DD-9923-255119E4288A}
	EndGlobalSection
EndGlobal
